
Microsoft Visual Studio Solution File, Format Version 12.00
# Visual Studio Version 17
VisualStudioVersion = 17.2.32516.85
MinimumVisualStudioVersion = 10.0.40219.1
Project("{FAE04EC0-301F-11D3-BF4B-00C04F79EFBC}") = "webappifordatafetch", "webappifordatafetch\webappifordatafetch.csproj", "{F3C84CF1-135E-49D7-9D4D-0168BB588937}"
EndProject
Project("{FAE04EC0-301F-11D3-BF4B-00C04F79EFBC}") = "consumeapi", "consumeapi\consumeapi.csproj", "{5BAF570F-7BF0-495B-B112-71BE8EB6F85D}"
EndProject
Global
	GlobalSection(SolutionConfigurationPlatforms) = preSolution
		Debug|Any CPU = Debug|Any CPU
		Release|Any CPU = Release|Any CPU
	EndGlobalSection
	GlobalSection(ProjectConfigurationPlatforms) = postSolution
		{F3C84CF1-135E-49D7-9D4D-0168BB588937}.Debug|Any CPU.ActiveCfg = Debug|Any CPU
		{F3C84CF1-135E-49D7-9D4D-0168BB588937}.Debug|Any CPU.Build.0 = Debug|Any CPU
		{F3C84CF1-135E-49D7-9D4D-0168BB588937}.Release|Any CPU.ActiveCfg = Release|Any CPU
		{F3C84CF1-135E-49D7-9D4D-0168BB588937}.Release|Any CPU.Build.0 = Release|Any CPU
		{5BAF570F-7BF0-495B-B112-71BE8EB6F85D}.Debug|Any CPU.ActiveCfg = Debug|Any CPU
		{5BAF570F-7BF0-495B-B112-71BE8EB6F85D}.Debug|Any CPU.Build.0 = Debug|Any CPU
		{5BAF570F-7BF0-495B-B112-71BE8EB6F85D}.Release|Any CPU.ActiveCfg = Release|Any CPU
		{5BAF570F-7BF0-495B-B112-71BE8EB6F85D}.Release|Any CPU.Build.0 = Release|Any CPU
	EndGlobalSection
	GlobalSection(SolutionProperties) = preSolution
		HideSolutionNode = FALSE
	EndGlobalSection
	GlobalSection(ExtensibilityGlobals) = postSolution
		SolutionGuid = {0559255F-EB85-4575-A61E-7DD49FDF1A50}
	EndGlobalSection
EndGlobal
